
Microsoft Visual Studio Solution File, Format Version 12.00
# Visual Studio Version 16
VisualStudioVersion = 16.0.31205.134
MinimumVisualStudioVersion = 10.0.40219.1
Project("{8BC9CEB8-8B4A-11D0-8D11-00A0C91BC942}") = "_all", "_prj_msvc2019\_all.vcxproj", "{D66975DB-7E59-4BE8-AD8D-C13E9B858F44}"
	ProjectSection(ProjectDependencies) = postProject
		{EE8DFB29-1104-45EC-B1E1-16C260A160A3} = {EE8DFB29-1104-45EC-B1E1-16C260A160A3}
		{ACE5A645-4391-4D88-A9A7-A850D2A85C18} = {ACE5A645-4391-4D88-A9A7-A850D2A85C18}
		{41D2EA46-29D8-47F8-ABD3-493F6DABBFC1} = {41D2EA46-29D8-47F8-ABD3-493F6DABBFC1}
		{A3AD0A4B-8263-4BED-9FB1-5C679E0B71BE} = {A3AD0A4B-8263-4BED-9FB1-5C679E0B71BE}
		{5EB20C59-3EEA-4A14-BBFD-8D22B9A9C6F9} = {5EB20C59-3EEA-4A14-BBFD-8D22B9A9C6F9}
		{CEB2CC69-43F4-489C-B7C6-C2C6ACE0EC67} = {CEB2CC69-43F4-489C-B7C6-C2C6ACE0EC67}
		{322F2B9C-131E-4965-A7D7-80112D63C8B9} = {322F2B9C-131E-4965-A7D7-80112D63C8B9}
		{13F94FB3-172E-4300-9166-C9EB61285DE1} = {13F94FB3-172E-4300-9166-C9EB61285DE1}
		{BF80C8C6-EF26-4ACE-9214-2145D4E400AB} = {BF80C8C6-EF26-4ACE-9214-2145D4E400AB}
		{C55997CF-489B-49C9-844C-48D7E7C24FE0} = {C55997CF-489B-49C9-844C-48D7E7C24FE0}
		{8D5CC9F7-FF27-4E22-9A4B-A62A62EBF15A} = {8D5CC9F7-FF27-4E22-9A4B-A62A62EBF15A}
	EndProjectSection
EndProject
Project("{8BC9CEB8-8B4A-11D0-8D11-00A0C91BC942}") = "_gtest", "_prj_msvc2019\_gtest.vcxproj", "{EE8DFB29-1104-45EC-B1E1-16C260A160A3}"
EndProject
Project("{8BC9CEB8-8B4A-11D0-8D11-00A0C91BC942}") = "_gmock", "_prj_msvc2019\_gmock.vcxproj", "{13F94FB3-172E-4300-9166-C9EB61285DE1}"
	ProjectSection(ProjectDependencies) = postProject
		{EE8DFB29-1104-45EC-B1E1-16C260A160A3} = {EE8DFB29-1104-45EC-B1E1-16C260A160A3}
	EndProjectSection
EndProject
Project("{8BC9CEB8-8B4A-11D0-8D11-00A0C91BC942}") = "test001", "_prj_msvc2019\test001.vcxproj", "{5EB20C59-3EEA-4A14-BBFD-8D22B9A9C6F9}"
	ProjectSection(ProjectDependencies) = postProject
		{EE8DFB29-1104-45EC-B1E1-16C260A160A3} = {EE8DFB29-1104-45EC-B1E1-16C260A160A3}
	EndProjectSection
EndProject
Project("{8BC9CEB8-8B4A-11D0-8D11-00A0C91BC942}") = "test002", "_prj_msvc2019\test002.vcxproj", "{C55997CF-489B-49C9-844C-48D7E7C24FE0}"
	ProjectSection(ProjectDependencies) = postProject
		{EE8DFB29-1104-45EC-B1E1-16C260A160A3} = {EE8DFB29-1104-45EC-B1E1-16C260A160A3}
	EndProjectSection
EndProject
Project("{8BC9CEB8-8B4A-11D0-8D11-00A0C91BC942}") = "test003", "_prj_msvc2019\test003.vcxproj", "{CEB2CC69-43F4-489C-B7C6-C2C6ACE0EC67}"
EndProject
Project("{8BC9CEB8-8B4A-11D0-8D11-00A0C91BC942}") = "test004", "_prj_msvc2019\test004.vcxproj", "{ACE5A645-4391-4D88-A9A7-A850D2A85C18}"
EndProject
Project("{8BC9CEB8-8B4A-11D0-8D11-00A0C91BC942}") = "test005", "_prj_msvc2019\test005.vcxproj", "{41D2EA46-29D8-47F8-ABD3-493F6DABBFC1}"
EndProject
Project("{8BC9CEB8-8B4A-11D0-8D11-00A0C91BC942}") = "test006", "_prj_msvc2019\test006.vcxproj", "{322F2B9C-131E-4965-A7D7-80112D63C8B9}"
EndProject
Project("{8BC9CEB8-8B4A-11D0-8D11-00A0C91BC942}") = "test007", "_prj_msvc2019\test007.vcxproj", "{BF80C8C6-EF26-4ACE-9214-2145D4E400AB}"
EndProject
Project("{8BC9CEB8-8B4A-11D0-8D11-00A0C91BC942}") = "test008", "_prj_msvc2019\test008.vcxproj", "{A3AD0A4B-8263-4BED-9FB1-5C679E0B71BE}"
EndProject
Project("{8BC9CEB8-8B4A-11D0-8D11-00A0C91BC942}") = "test009", "_prj_msvc2019\test009.vcxproj", "{8D5CC9F7-FF27-4E22-9A4B-A62A62EBF15A}"
EndProject
Global
	GlobalSection(SolutionConfigurationPlatforms) = preSolution
		Debug|x64 = Debug|x64
		Debug|x86 = Debug|x86
		Release|x64 = Release|x64
		Release|x86 = Release|x86
	EndGlobalSection
	GlobalSection(ProjectConfigurationPlatforms) = postSolution
		{D66975DB-7E59-4BE8-AD8D-C13E9B858F44}.Debug|x64.ActiveCfg = Debug|x64
		{D66975DB-7E59-4BE8-AD8D-C13E9B858F44}.Debug|x64.Build.0 = Debug|x64
		{D66975DB-7E59-4BE8-AD8D-C13E9B858F44}.Debug|x86.ActiveCfg = Debug|Win32
		{D66975DB-7E59-4BE8-AD8D-C13E9B858F44}.Debug|x86.Build.0 = Debug|Win32
		{D66975DB-7E59-4BE8-AD8D-C13E9B858F44}.Release|x64.ActiveCfg = Release|x64
		{D66975DB-7E59-4BE8-AD8D-C13E9B858F44}.Release|x64.Build.0 = Release|x64
		{D66975DB-7E59-4BE8-AD8D-C13E9B858F44}.Release|x86.ActiveCfg = Release|Win32
		{D66975DB-7E59-4BE8-AD8D-C13E9B858F44}.Release|x86.Build.0 = Release|Win32
		{EE8DFB29-1104-45EC-B1E1-16C260A160A3}.Debug|x64.ActiveCfg = Debug|x64
		{EE8DFB29-1104-45EC-B1E1-16C260A160A3}.Debug|x64.Build.0 = Debug|x64
		{EE8DFB29-1104-45EC-B1E1-16C260A160A3}.Debug|x86.ActiveCfg = Debug|Win32
		{EE8DFB29-1104-45EC-B1E1-16C260A160A3}.Debug|x86.Build.0 = Debug|Win32
		{EE8DFB29-1104-45EC-B1E1-16C260A160A3}.Release|x64.ActiveCfg = Release|x64
		{EE8DFB29-1104-45EC-B1E1-16C260A160A3}.Release|x64.Build.0 = Release|x64
		{EE8DFB29-1104-45EC-B1E1-16C260A160A3}.Release|x86.ActiveCfg = Release|Win32
		{EE8DFB29-1104-45EC-B1E1-16C260A160A3}.Release|x86.Build.0 = Release|Win32
		{13F94FB3-172E-4300-9166-C9EB61285DE1}.Debug|x64.ActiveCfg = Debug|x64
		{13F94FB3-172E-4300-9166-C9EB61285DE1}.Debug|x64.Build.0 = Debug|x64
		{13F94FB3-172E-4300-9166-C9EB61285DE1}.Debug|x86.ActiveCfg = Debug|Win32
		{13F94FB3-172E-4300-9166-C9EB61285DE1}.Debug|x86.Build.0 = Debug|Win32
		{13F94FB3-172E-4300-9166-C9EB61285DE1}.Release|x64.ActiveCfg = Release|x64
		{13F94FB3-172E-4300-9166-C9EB61285DE1}.Release|x64.Build.0 = Release|x64
		{13F94FB3-172E-4300-9166-C9EB61285DE1}.Release|x86.ActiveCfg = Release|Win32
		{13F94FB3-172E-4300-9166-C9EB61285DE1}.Release|x86.Build.0 = Release|Win32
		{5EB20C59-3EEA-4A14-BBFD-8D22B9A9C6F9}.Debug|x64.ActiveCfg = Debug|x64
		{5EB20C59-3EEA-4A14-BBFD-8D22B9A9C6F9}.Debug|x64.Build.0 = Debug|x64
		{5EB20C59-3EEA-4A14-BBFD-8D22B9A9C6F9}.Debug|x86.ActiveCfg = Debug|Win32
		{5EB20C59-3EEA-4A14-BBFD-8D22B9A9C6F9}.Debug|x86.Build.0 = Debug|Win32
		{5EB20C59-3EEA-4A14-BBFD-8D22B9A9C6F9}.Release|x64.ActiveCfg = Release|x64
		{5EB20C59-3EEA-4A14-BBFD-8D22B9A9C6F9}.Release|x64.Build.0 = Release|x64
		{5EB20C59-3EEA-4A14-BBFD-8D22B9A9C6F9}.Release|x86.ActiveCfg = Release|Win32
		{5EB20C59-3EEA-4A14-BBFD-8D22B9A9C6F9}.Release|x86.Build.0 = Release|Win32
		{C55997CF-489B-49C9-844C-48D7E7C24FE0}.Debug|x64.ActiveCfg = Debug|x64
		{C55997CF-489B-49C9-844C-48D7E7C24FE0}.Debug|x64.Build.0 = Debug|x64
		{C55997CF-489B-49C9-844C-48D7E7C24FE0}.Debug|x86.ActiveCfg = Debug|Win32
		{C55997CF-489B-49C9-844C-48D7E7C24FE0}.Debug|x86.Build.0 = Debug|Win32
		{C55997CF-489B-49C9-844C-48D7E7C24FE0}.Release|x64.ActiveCfg = Release|x64
		{C55997CF-489B-49C9-844C-48D7E7C24FE0}.Release|x64.Build.0 = Release|x64
		{C55997CF-489B-49C9-844C-48D7E7C24FE0}.Release|x86.ActiveCfg = Release|Win32
		{C55997CF-489B-49C9-844C-48D7E7C24FE0}.Release|x86.Build.0 = Release|Win32
		{CEB2CC69-43F4-489C-B7C6-C2C6ACE0EC67}.Debug|x64.ActiveCfg = Debug|x64
		{CEB2CC69-43F4-489C-B7C6-C2C6ACE0EC67}.Debug|x64.Build.0 = Debug|x64
		{CEB2CC69-43F4-489C-B7C6-C2C6ACE0EC67}.Debug|x86.ActiveCfg = Debug|Win32
		{CEB2CC69-43F4-489C-B7C6-C2C6ACE0EC67}.Debug|x86.Build.0 = Debug|Win32
		{CEB2CC69-43F4-489C-B7C6-C2C6ACE0EC67}.Release|x64.ActiveCfg = Release|x64
		{CEB2CC69-43F4-489C-B7C6-C2C6ACE0EC67}.Release|x64.Build.0 = Release|x64
		{CEB2CC69-43F4-489C-B7C6-C2C6ACE0EC67}.Release|x86.ActiveCfg = Release|Win32
		{CEB2CC69-43F4-489C-B7C6-C2C6ACE0EC67}.Release|x86.Build.0 = Release|Win32
		{ACE5A645-4391-4D88-A9A7-A850D2A85C18}.Debug|x64.ActiveCfg = Debug|x64
		{ACE5A645-4391-4D88-A9A7-A850D2A85C18}.Debug|x64.Build.0 = Debug|x64
		{ACE5A645-4391-4D88-A9A7-A850D2A85C18}.Debug|x86.ActiveCfg = Debug|Win32
		{ACE5A645-4391-4D88-A9A7-A850D2A85C18}.Debug|x86.Build.0 = Debug|Win32
		{ACE5A645-4391-4D88-A9A7-A850D2A85C18}.Release|x64.ActiveCfg = Release|x64
		{ACE5A645-4391-4D88-A9A7-A850D2A85C18}.Release|x64.Build.0 = Release|x64
		{ACE5A645-4391-4D88-A9A7-A850D2A85C18}.Release|x86.ActiveCfg = Release|Win32
		{ACE5A645-4391-4D88-A9A7-A850D2A85C18}.Release|x86.Build.0 = Release|Win32
		{41D2EA46-29D8-47F8-ABD3-493F6DABBFC1}.Debug|x64.ActiveCfg = Debug|x64
		{41D2EA46-29D8-47F8-ABD3-493F6DABBFC1}.Debug|x64.Build.0 = Debug|x64
		{41D2EA46-29D8-47F8-ABD3-493F6DABBFC1}.Debug|x86.ActiveCfg = Debug|Win32
		{41D2EA46-29D8-47F8-ABD3-493F6DABBFC1}.Debug|x86.Build.0 = Debug|Win32
		{41D2EA46-29D8-47F8-ABD3-493F6DABBFC1}.Release|x64.ActiveCfg = Release|x64
		{41D2EA46-29D8-47F8-ABD3-493F6DABBFC1}.Release|x64.Build.0 = Release|x64
		{41D2EA46-29D8-47F8-ABD3-493F6DABBFC1}.Release|x86.ActiveCfg = Release|Win32
		{41D2EA46-29D8-47F8-ABD3-493F6DABBFC1}.Release|x86.Build.0 = Release|Win32
		{322F2B9C-131E-4965-A7D7-80112D63C8B9}.Debug|x64.ActiveCfg = Debug|x64
		{322F2B9C-131E-4965-A7D7-80112D63C8B9}.Debug|x64.Build.0 = Debug|x64
		{322F2B9C-131E-4965-A7D7-80112D63C8B9}.Debug|x86.ActiveCfg = Debug|Win32
		{322F2B9C-131E-4965-A7D7-80112D63C8B9}.Debug|x86.Build.0 = Debug|Win32
		{322F2B9C-131E-4965-A7D7-80112D63C8B9}.Release|x64.ActiveCfg = Release|x64
		{322F2B9C-131E-4965-A7D7-80112D63C8B9}.Release|x64.Build.0 = Release|x64
		{322F2B9C-131E-4965-A7D7-80112D63C8B9}.Release|x86.ActiveCfg = Release|Win32
		{322F2B9C-131E-4965-A7D7-80112D63C8B9}.Release|x86.Build.0 = Release|Win32
		{BF80C8C6-EF26-4ACE-9214-2145D4E400AB}.Debug|x64.ActiveCfg = Debug|x64
		{BF80C8C6-EF26-4ACE-9214-2145D4E400AB}.Debug|x64.Build.0 = Debug|x64
		{BF80C8C6-EF26-4ACE-9214-2145D4E400AB}.Debug|x86.ActiveCfg = Debug|Win32
		{BF80C8C6-EF26-4ACE-9214-2145D4E400AB}.Debug|x86.Build.0 = Debug|Win32
		{BF80C8C6-EF26-4ACE-9214-2145D4E400AB}.Release|x64.ActiveCfg = Release|x64
		{BF80C8C6-EF26-4ACE-9214-2145D4E400AB}.Release|x64.Build.0 = Release|x64
		{BF80C8C6-EF26-4ACE-9214-2145D4E400AB}.Release|x86.ActiveCfg = Release|Win32
		{BF80C8C6-EF26-4ACE-9214-2145D4E400AB}.Release|x86.Build.0 = Release|Win32
		{A3AD0A4B-8263-4BED-9FB1-5C679E0B71BE}.Debug|x64.ActiveCfg = Debug|x64
		{A3AD0A4B-8263-4BED-9FB1-5C679E0B71BE}.Debug|x64.Build.0 = Debug|x64
		{A3AD0A4B-8263-4BED-9FB1-5C679E0B71BE}.Debug|x86.ActiveCfg = Debug|Win32
		{A3AD0A4B-8263-4BED-9FB1-5C679E0B71BE}.Debug|x86.Build.0 = Debug|Win32
		{A3AD0A4B-8263-4BED-9FB1-5C679E0B71BE}.Release|x64.ActiveCfg = Release|x64
		{A3AD0A4B-8263-4BED-9FB1-5C679E0B71BE}.Release|x64.Build.0 = Release|x64
		{A3AD0A4B-8263-4BED-9FB1-5C679E0B71BE}.Release|x86.ActiveCfg = Release|Win32
		{A3AD0A4B-8263-4BED-9FB1-5C679E0B71BE}.Release|x86.Build.0 = Release|Win32
		{8D5CC9F7-FF27-4E22-9A4B-A62A62EBF15A}.Debug|x64.ActiveCfg = Debug|x64
		{8D5CC9F7-FF27-4E22-9A4B-A62A62EBF15A}.Debug|x64.Build.0 = Debug|x64
		{8D5CC9F7-FF27-4E22-9A4B-A62A62EBF15A}.Debug|x86.ActiveCfg = Debug|Win32
		{8D5CC9F7-FF27-4E22-9A4B-A62A62EBF15A}.Debug|x86.Build.0 = Debug|Win32
		{8D5CC9F7-FF27-4E22-9A4B-A62A62EBF15A}.Release|x64.ActiveCfg = Release|x64
		{8D5CC9F7-FF27-4E22-9A4B-A62A62EBF15A}.Release|x64.Build.0 = Release|x64
		{8D5CC9F7-FF27-4E22-9A4B-A62A62EBF15A}.Release|x86.ActiveCfg = Release|Win32
		{8D5CC9F7-FF27-4E22-9A4B-A62A62EBF15A}.Release|x86.Build.0 = Release|Win32
	EndGlobalSection
	GlobalSection(SolutionProperties) = preSolution
		HideSolutionNode = FALSE
	EndGlobalSection
	GlobalSection(ExtensibilityGlobals) = postSolution
		SolutionGuid = {AD1C5E2D-F1F6-4DB3-8184-21C40A76FA41}
	EndGlobalSection
EndGlobal
