
Microsoft Visual Studio Solution File, Format Version 12.00
# Visual Studio Version 16
VisualStudioVersion = 16.0.31205.134
MinimumVisualStudioVersion = 10.0.40219.1
Project("{8BC9CEB8-8B4A-11D0-8D11-00A0C91BC942}") = "_all", "_prj_msvc\_all.vcxproj", "{D66975DB-7E59-4BE8-AD8D-C13E9B858F44}"
	ProjectSection(ProjectDependencies) = postProject
		{AF2A6819-F983-401D-9BFF-D0B495B9B94B} = {AF2A6819-F983-401D-9BFF-D0B495B9B94B}
		{F8EE9D27-FE3E-413F-B741-C0A1F0259A0A} = {F8EE9D27-FE3E-413F-B741-C0A1F0259A0A}
		{1068C535-3D2A-4352-B6E4-F4655120DFD8} = {1068C535-3D2A-4352-B6E4-F4655120DFD8}
		{ACE5A645-4391-4D88-A9A7-A850D2A85C18} = {ACE5A645-4391-4D88-A9A7-A850D2A85C18}
		{41D2EA46-29D8-47F8-ABD3-493F6DABBFC1} = {41D2EA46-29D8-47F8-ABD3-493F6DABBFC1}
		{A3AD0A4B-8263-4BED-9FB1-5C679E0B71BE} = {A3AD0A4B-8263-4BED-9FB1-5C679E0B71BE}
		{DB8E904D-E625-4FCE-80B0-C7BA67076AE4} = {DB8E904D-E625-4FCE-80B0-C7BA67076AE4}
		{5EB20C59-3EEA-4A14-BBFD-8D22B9A9C6F9} = {5EB20C59-3EEA-4A14-BBFD-8D22B9A9C6F9}
		{CEB2CC69-43F4-489C-B7C6-C2C6ACE0EC67} = {CEB2CC69-43F4-489C-B7C6-C2C6ACE0EC67}
		{D7D0CA7B-C6B5-4977-BE1E-CF4106FA0CE7} = {D7D0CA7B-C6B5-4977-BE1E-CF4106FA0CE7}
		{322F2B9C-131E-4965-A7D7-80112D63C8B9} = {322F2B9C-131E-4965-A7D7-80112D63C8B9}
		{001634AE-5567-412E-ACEC-6EC488026C66} = {001634AE-5567-412E-ACEC-6EC488026C66}
		{BF80C8C6-EF26-4ACE-9214-2145D4E400AB} = {BF80C8C6-EF26-4ACE-9214-2145D4E400AB}
		{C55997CF-489B-49C9-844C-48D7E7C24FE0} = {C55997CF-489B-49C9-844C-48D7E7C24FE0}
		{8D5CC9F7-FF27-4E22-9A4B-A62A62EBF15A} = {8D5CC9F7-FF27-4E22-9A4B-A62A62EBF15A}
	EndProjectSection
EndProject
Project("{8BC9CEB8-8B4A-11D0-8D11-00A0C91BC942}") = "test001", "_prj_msvc\test001.vcxproj", "{5EB20C59-3EEA-4A14-BBFD-8D22B9A9C6F9}"
EndProject
Project("{8BC9CEB8-8B4A-11D0-8D11-00A0C91BC942}") = "test002", "_prj_msvc\test002.vcxproj", "{C55997CF-489B-49C9-844C-48D7E7C24FE0}"
EndProject
Project("{8BC9CEB8-8B4A-11D0-8D11-00A0C91BC942}") = "test003", "_prj_msvc\test003.vcxproj", "{CEB2CC69-43F4-489C-B7C6-C2C6ACE0EC67}"
EndProject
Project("{8BC9CEB8-8B4A-11D0-8D11-00A0C91BC942}") = "test004", "_prj_msvc\test004.vcxproj", "{ACE5A645-4391-4D88-A9A7-A850D2A85C18}"
EndProject
Project("{8BC9CEB8-8B4A-11D0-8D11-00A0C91BC942}") = "test005", "_prj_msvc\test005.vcxproj", "{41D2EA46-29D8-47F8-ABD3-493F6DABBFC1}"
EndProject
Project("{8BC9CEB8-8B4A-11D0-8D11-00A0C91BC942}") = "test006", "_prj_msvc\test006.vcxproj", "{322F2B9C-131E-4965-A7D7-80112D63C8B9}"
EndProject
Project("{8BC9CEB8-8B4A-11D0-8D11-00A0C91BC942}") = "test007", "_prj_msvc\test007.vcxproj", "{BF80C8C6-EF26-4ACE-9214-2145D4E400AB}"
EndProject
Project("{8BC9CEB8-8B4A-11D0-8D11-00A0C91BC942}") = "test008", "_prj_msvc\test008.vcxproj", "{A3AD0A4B-8263-4BED-9FB1-5C679E0B71BE}"
EndProject
Project("{8BC9CEB8-8B4A-11D0-8D11-00A0C91BC942}") = "test009", "_prj_msvc\test009.vcxproj", "{8D5CC9F7-FF27-4E22-9A4B-A62A62EBF15A}"
EndProject
Project("{8BC9CEB8-8B4A-11D0-8D11-00A0C91BC942}") = "test010", "_prj_msvc\test010.vcxproj", "{AF2A6819-F983-401D-9BFF-D0B495B9B94B}"
EndProject
Project("{8BC9CEB8-8B4A-11D0-8D11-00A0C91BC942}") = "test011", "_prj_msvc\test011.vcxproj", "{F8EE9D27-FE3E-413F-B741-C0A1F0259A0A}"
EndProject
Project("{8BC9CEB8-8B4A-11D0-8D11-00A0C91BC942}") = "test012", "_prj_msvc\test012.vcxproj", "{1068C535-3D2A-4352-B6E4-F4655120DFD8}"
EndProject
Project("{8BC9CEB8-8B4A-11D0-8D11-00A0C91BC942}") = "test013", "_prj_msvc\test013.vcxproj", "{D7D0CA7B-C6B5-4977-BE1E-CF4106FA0CE7}"
EndProject
Project("{8BC9CEB8-8B4A-11D0-8D11-00A0C91BC942}") = "test014", "_prj_msvc\test014.vcxproj", "{DB8E904D-E625-4FCE-80B0-C7BA67076AE4}"
EndProject
Project("{8BC9CEB8-8B4A-11D0-8D11-00A0C91BC942}") = "test015", "_prj_msvc\test015.vcxproj", "{001634AE-5567-412E-ACEC-6EC488026C66}"
EndProject
Global
	GlobalSection(SolutionConfigurationPlatforms) = preSolution
		Debug|x64 = Debug|x64
		Debug|x86 = Debug|x86
		Release|x64 = Release|x64
		Release|x86 = Release|x86
	EndGlobalSection
	GlobalSection(ProjectConfigurationPlatforms) = postSolution
		{D66975DB-7E59-4BE8-AD8D-C13E9B858F44}.Debug|x64.ActiveCfg = Debug|x64
		{D66975DB-7E59-4BE8-AD8D-C13E9B858F44}.Debug|x64.Build.0 = Debug|x64
		{D66975DB-7E59-4BE8-AD8D-C13E9B858F44}.Debug|x86.ActiveCfg = Debug|Win32
		{D66975DB-7E59-4BE8-AD8D-C13E9B858F44}.Debug|x86.Build.0 = Debug|Win32
		{D66975DB-7E59-4BE8-AD8D-C13E9B858F44}.Release|x64.ActiveCfg = Release|x64
		{D66975DB-7E59-4BE8-AD8D-C13E9B858F44}.Release|x64.Build.0 = Release|x64
		{D66975DB-7E59-4BE8-AD8D-C13E9B858F44}.Release|x86.ActiveCfg = Release|Win32
		{D66975DB-7E59-4BE8-AD8D-C13E9B858F44}.Release|x86.Build.0 = Release|Win32
		{5EB20C59-3EEA-4A14-BBFD-8D22B9A9C6F9}.Debug|x64.ActiveCfg = Debug|x64
		{5EB20C59-3EEA-4A14-BBFD-8D22B9A9C6F9}.Debug|x64.Build.0 = Debug|x64
		{5EB20C59-3EEA-4A14-BBFD-8D22B9A9C6F9}.Debug|x86.ActiveCfg = Debug|Win32
		{5EB20C59-3EEA-4A14-BBFD-8D22B9A9C6F9}.Debug|x86.Build.0 = Debug|Win32
		{5EB20C59-3EEA-4A14-BBFD-8D22B9A9C6F9}.Release|x64.ActiveCfg = Release|x64
		{5EB20C59-3EEA-4A14-BBFD-8D22B9A9C6F9}.Release|x64.Build.0 = Release|x64
		{5EB20C59-3EEA-4A14-BBFD-8D22B9A9C6F9}.Release|x86.ActiveCfg = Release|Win32
		{5EB20C59-3EEA-4A14-BBFD-8D22B9A9C6F9}.Release|x86.Build.0 = Release|Win32
		{C55997CF-489B-49C9-844C-48D7E7C24FE0}.Debug|x64.ActiveCfg = Debug|x64
		{C55997CF-489B-49C9-844C-48D7E7C24FE0}.Debug|x64.Build.0 = Debug|x64
		{C55997CF-489B-49C9-844C-48D7E7C24FE0}.Debug|x86.ActiveCfg = Debug|Win32
		{C55997CF-489B-49C9-844C-48D7E7C24FE0}.Debug|x86.Build.0 = Debug|Win32
		{C55997CF-489B-49C9-844C-48D7E7C24FE0}.Release|x64.ActiveCfg = Release|x64
		{C55997CF-489B-49C9-844C-48D7E7C24FE0}.Release|x64.Build.0 = Release|x64
		{C55997CF-489B-49C9-844C-48D7E7C24FE0}.Release|x86.ActiveCfg = Release|Win32
		{C55997CF-489B-49C9-844C-48D7E7C24FE0}.Release|x86.Build.0 = Release|Win32
		{CEB2CC69-43F4-489C-B7C6-C2C6ACE0EC67}.Debug|x64.ActiveCfg = Debug|x64
		{CEB2CC69-43F4-489C-B7C6-C2C6ACE0EC67}.Debug|x64.Build.0 = Debug|x64
		{CEB2CC69-43F4-489C-B7C6-C2C6ACE0EC67}.Debug|x86.ActiveCfg = Debug|Win32
		{CEB2CC69-43F4-489C-B7C6-C2C6ACE0EC67}.Debug|x86.Build.0 = Debug|Win32
		{CEB2CC69-43F4-489C-B7C6-C2C6ACE0EC67}.Release|x64.ActiveCfg = Release|x64
		{CEB2CC69-43F4-489C-B7C6-C2C6ACE0EC67}.Release|x64.Build.0 = Release|x64
		{CEB2CC69-43F4-489C-B7C6-C2C6ACE0EC67}.Release|x86.ActiveCfg = Release|Win32
		{CEB2CC69-43F4-489C-B7C6-C2C6ACE0EC67}.Release|x86.Build.0 = Release|Win32
		{ACE5A645-4391-4D88-A9A7-A850D2A85C18}.Debug|x64.ActiveCfg = Debug|x64
		{ACE5A645-4391-4D88-A9A7-A850D2A85C18}.Debug|x64.Build.0 = Debug|x64
		{ACE5A645-4391-4D88-A9A7-A850D2A85C18}.Debug|x86.ActiveCfg = Debug|Win32
		{ACE5A645-4391-4D88-A9A7-A850D2A85C18}.Debug|x86.Build.0 = Debug|Win32
		{ACE5A645-4391-4D88-A9A7-A850D2A85C18}.Release|x64.ActiveCfg = Release|x64
		{ACE5A645-4391-4D88-A9A7-A850D2A85C18}.Release|x64.Build.0 = Release|x64
		{ACE5A645-4391-4D88-A9A7-A850D2A85C18}.Release|x86.ActiveCfg = Release|Win32
		{ACE5A645-4391-4D88-A9A7-A850D2A85C18}.Release|x86.Build.0 = Release|Win32
		{41D2EA46-29D8-47F8-ABD3-493F6DABBFC1}.Debug|x64.ActiveCfg = Debug|x64
		{41D2EA46-29D8-47F8-ABD3-493F6DABBFC1}.Debug|x64.Build.0 = Debug|x64
		{41D2EA46-29D8-47F8-ABD3-493F6DABBFC1}.Debug|x86.ActiveCfg = Debug|Win32
		{41D2EA46-29D8-47F8-ABD3-493F6DABBFC1}.Debug|x86.Build.0 = Debug|Win32
		{41D2EA46-29D8-47F8-ABD3-493F6DABBFC1}.Release|x64.ActiveCfg = Release|x64
		{41D2EA46-29D8-47F8-ABD3-493F6DABBFC1}.Release|x64.Build.0 = Release|x64
		{41D2EA46-29D8-47F8-ABD3-493F6DABBFC1}.Release|x86.ActiveCfg = Release|Win32
		{41D2EA46-29D8-47F8-ABD3-493F6DABBFC1}.Release|x86.Build.0 = Release|Win32
		{322F2B9C-131E-4965-A7D7-80112D63C8B9}.Debug|x64.ActiveCfg = Debug|x64
		{322F2B9C-131E-4965-A7D7-80112D63C8B9}.Debug|x64.Build.0 = Debug|x64
		{322F2B9C-131E-4965-A7D7-80112D63C8B9}.Debug|x86.ActiveCfg = Debug|Win32
		{322F2B9C-131E-4965-A7D7-80112D63C8B9}.Debug|x86.Build.0 = Debug|Win32
		{322F2B9C-131E-4965-A7D7-80112D63C8B9}.Release|x64.ActiveCfg = Release|x64
		{322F2B9C-131E-4965-A7D7-80112D63C8B9}.Release|x64.Build.0 = Release|x64
		{322F2B9C-131E-4965-A7D7-80112D63C8B9}.Release|x86.ActiveCfg = Release|Win32
		{322F2B9C-131E-4965-A7D7-80112D63C8B9}.Release|x86.Build.0 = Release|Win32
		{BF80C8C6-EF26-4ACE-9214-2145D4E400AB}.Debug|x64.ActiveCfg = Debug|x64
		{BF80C8C6-EF26-4ACE-9214-2145D4E400AB}.Debug|x64.Build.0 = Debug|x64
		{BF80C8C6-EF26-4ACE-9214-2145D4E400AB}.Debug|x86.ActiveCfg = Debug|Win32
		{BF80C8C6-EF26-4ACE-9214-2145D4E400AB}.Debug|x86.Build.0 = Debug|Win32
		{BF80C8C6-EF26-4ACE-9214-2145D4E400AB}.Release|x64.ActiveCfg = Release|x64
		{BF80C8C6-EF26-4ACE-9214-2145D4E400AB}.Release|x64.Build.0 = Release|x64
		{BF80C8C6-EF26-4ACE-9214-2145D4E400AB}.Release|x86.ActiveCfg = Release|Win32
		{BF80C8C6-EF26-4ACE-9214-2145D4E400AB}.Release|x86.Build.0 = Release|Win32
		{A3AD0A4B-8263-4BED-9FB1-5C679E0B71BE}.Debug|x64.ActiveCfg = Debug|x64
		{A3AD0A4B-8263-4BED-9FB1-5C679E0B71BE}.Debug|x64.Build.0 = Debug|x64
		{A3AD0A4B-8263-4BED-9FB1-5C679E0B71BE}.Debug|x86.ActiveCfg = Debug|Win32
		{A3AD0A4B-8263-4BED-9FB1-5C679E0B71BE}.Debug|x86.Build.0 = Debug|Win32
		{A3AD0A4B-8263-4BED-9FB1-5C679E0B71BE}.Release|x64.ActiveCfg = Release|x64
		{A3AD0A4B-8263-4BED-9FB1-5C679E0B71BE}.Release|x64.Build.0 = Release|x64
		{A3AD0A4B-8263-4BED-9FB1-5C679E0B71BE}.Release|x86.ActiveCfg = Release|Win32
		{A3AD0A4B-8263-4BED-9FB1-5C679E0B71BE}.Release|x86.Build.0 = Release|Win32
		{8D5CC9F7-FF27-4E22-9A4B-A62A62EBF15A}.Debug|x64.ActiveCfg = Debug|x64
		{8D5CC9F7-FF27-4E22-9A4B-A62A62EBF15A}.Debug|x64.Build.0 = Debug|x64
		{8D5CC9F7-FF27-4E22-9A4B-A62A62EBF15A}.Debug|x86.ActiveCfg = Debug|Win32
		{8D5CC9F7-FF27-4E22-9A4B-A62A62EBF15A}.Debug|x86.Build.0 = Debug|Win32
		{8D5CC9F7-FF27-4E22-9A4B-A62A62EBF15A}.Release|x64.ActiveCfg = Release|x64
		{8D5CC9F7-FF27-4E22-9A4B-A62A62EBF15A}.Release|x64.Build.0 = Release|x64
		{8D5CC9F7-FF27-4E22-9A4B-A62A62EBF15A}.Release|x86.ActiveCfg = Release|Win32
		{8D5CC9F7-FF27-4E22-9A4B-A62A62EBF15A}.Release|x86.Build.0 = Release|Win32
		{AF2A6819-F983-401D-9BFF-D0B495B9B94B}.Debug|x64.ActiveCfg = Debug|x64
		{AF2A6819-F983-401D-9BFF-D0B495B9B94B}.Debug|x64.Build.0 = Debug|x64
		{AF2A6819-F983-401D-9BFF-D0B495B9B94B}.Debug|x86.ActiveCfg = Debug|Win32
		{AF2A6819-F983-401D-9BFF-D0B495B9B94B}.Debug|x86.Build.0 = Debug|Win32
		{AF2A6819-F983-401D-9BFF-D0B495B9B94B}.Release|x64.ActiveCfg = Release|x64
		{AF2A6819-F983-401D-9BFF-D0B495B9B94B}.Release|x64.Build.0 = Release|x64
		{AF2A6819-F983-401D-9BFF-D0B495B9B94B}.Release|x86.ActiveCfg = Release|Win32
		{AF2A6819-F983-401D-9BFF-D0B495B9B94B}.Release|x86.Build.0 = Release|Win32
		{F8EE9D27-FE3E-413F-B741-C0A1F0259A0A}.Debug|x64.ActiveCfg = Debug|x64
		{F8EE9D27-FE3E-413F-B741-C0A1F0259A0A}.Debug|x64.Build.0 = Debug|x64
		{F8EE9D27-FE3E-413F-B741-C0A1F0259A0A}.Debug|x86.ActiveCfg = Debug|Win32
		{F8EE9D27-FE3E-413F-B741-C0A1F0259A0A}.Debug|x86.Build.0 = Debug|Win32
		{F8EE9D27-FE3E-413F-B741-C0A1F0259A0A}.Release|x64.ActiveCfg = Release|x64
		{F8EE9D27-FE3E-413F-B741-C0A1F0259A0A}.Release|x64.Build.0 = Release|x64
		{F8EE9D27-FE3E-413F-B741-C0A1F0259A0A}.Release|x86.ActiveCfg = Release|Win32
		{F8EE9D27-FE3E-413F-B741-C0A1F0259A0A}.Release|x86.Build.0 = Release|Win32
		{1068C535-3D2A-4352-B6E4-F4655120DFD8}.Debug|x64.ActiveCfg = Debug|x64
		{1068C535-3D2A-4352-B6E4-F4655120DFD8}.Debug|x64.Build.0 = Debug|x64
		{1068C535-3D2A-4352-B6E4-F4655120DFD8}.Debug|x86.ActiveCfg = Debug|Win32
		{1068C535-3D2A-4352-B6E4-F4655120DFD8}.Debug|x86.Build.0 = Debug|Win32
		{1068C535-3D2A-4352-B6E4-F4655120DFD8}.Release|x64.ActiveCfg = Release|x64
		{1068C535-3D2A-4352-B6E4-F4655120DFD8}.Release|x64.Build.0 = Release|x64
		{1068C535-3D2A-4352-B6E4-F4655120DFD8}.Release|x86.ActiveCfg = Release|Win32
		{1068C535-3D2A-4352-B6E4-F4655120DFD8}.Release|x86.Build.0 = Release|Win32
		{D7D0CA7B-C6B5-4977-BE1E-CF4106FA0CE7}.Debug|x64.ActiveCfg = Debug|x64
		{D7D0CA7B-C6B5-4977-BE1E-CF4106FA0CE7}.Debug|x64.Build.0 = Debug|x64
		{D7D0CA7B-C6B5-4977-BE1E-CF4106FA0CE7}.Debug|x86.ActiveCfg = Debug|Win32
		{D7D0CA7B-C6B5-4977-BE1E-CF4106FA0CE7}.Debug|x86.Build.0 = Debug|Win32
		{D7D0CA7B-C6B5-4977-BE1E-CF4106FA0CE7}.Release|x64.ActiveCfg = Release|x64
		{D7D0CA7B-C6B5-4977-BE1E-CF4106FA0CE7}.Release|x64.Build.0 = Release|x64
		{D7D0CA7B-C6B5-4977-BE1E-CF4106FA0CE7}.Release|x86.ActiveCfg = Release|Win32
		{D7D0CA7B-C6B5-4977-BE1E-CF4106FA0CE7}.Release|x86.Build.0 = Release|Win32
		{DB8E904D-E625-4FCE-80B0-C7BA67076AE4}.Debug|x64.ActiveCfg = Debug|x64
		{DB8E904D-E625-4FCE-80B0-C7BA67076AE4}.Debug|x64.Build.0 = Debug|x64
		{DB8E904D-E625-4FCE-80B0-C7BA67076AE4}.Debug|x86.ActiveCfg = Debug|Win32
		{DB8E904D-E625-4FCE-80B0-C7BA67076AE4}.Debug|x86.Build.0 = Debug|Win32
		{DB8E904D-E625-4FCE-80B0-C7BA67076AE4}.Release|x64.ActiveCfg = Release|x64
		{DB8E904D-E625-4FCE-80B0-C7BA67076AE4}.Release|x64.Build.0 = Release|x64
		{DB8E904D-E625-4FCE-80B0-C7BA67076AE4}.Release|x86.ActiveCfg = Release|Win32
		{DB8E904D-E625-4FCE-80B0-C7BA67076AE4}.Release|x86.Build.0 = Release|Win32
		{001634AE-5567-412E-ACEC-6EC488026C66}.Debug|x64.ActiveCfg = Debug|x64
		{001634AE-5567-412E-ACEC-6EC488026C66}.Debug|x64.Build.0 = Debug|x64
		{001634AE-5567-412E-ACEC-6EC488026C66}.Debug|x86.ActiveCfg = Debug|Win32
		{001634AE-5567-412E-ACEC-6EC488026C66}.Debug|x86.Build.0 = Debug|Win32
		{001634AE-5567-412E-ACEC-6EC488026C66}.Release|x64.ActiveCfg = Release|x64
		{001634AE-5567-412E-ACEC-6EC488026C66}.Release|x64.Build.0 = Release|x64
		{001634AE-5567-412E-ACEC-6EC488026C66}.Release|x86.ActiveCfg = Release|Win32
		{001634AE-5567-412E-ACEC-6EC488026C66}.Release|x86.Build.0 = Release|Win32
	EndGlobalSection
	GlobalSection(SolutionProperties) = preSolution
		HideSolutionNode = FALSE
	EndGlobalSection
	GlobalSection(ExtensibilityGlobals) = postSolution
		SolutionGuid = {AD1C5E2D-F1F6-4DB3-8184-21C40A76FA41}
	EndGlobalSection
EndGlobal
